
Microsoft Visual Studio Solution File, Format Version 12.00
# Visual Studio Version 16
VisualStudioVersion = 16.0.33328.57
MinimumVisualStudioVersion = 10.0.40219.1
Project("{FAE04EC0-301F-11D3-BF4B-00C04F79EFBC}") = "LTW", "LTW\LTW.csproj", "{CDEEF520-16A0-4006-A560-3B1EA3E7A07C}"
EndProject
Global
	GlobalSection(SolutionConfigurationPlatforms) = preSolution
		Debug|Any CPU = Debug|Any CPU
		Release|Any CPU = Release|Any CPU
	EndGlobalSection
	GlobalSection(ProjectConfigurationPlatforms) = postSolution
		{CDEEF520-16A0-4006-A560-3B1EA3E7A07C}.Debug|Any CPU.ActiveCfg = Debug|Any CPU
		{CDEEF520-16A0-4006-A560-3B1EA3E7A07C}.Debug|Any CPU.Build.0 = Debug|Any CPU
		{CDEEF520-16A0-4006-A560-3B1EA3E7A07C}.Release|Any CPU.ActiveCfg = Release|Any CPU
		{CDEEF520-16A0-4006-A560-3B1EA3E7A07C}.Release|Any CPU.Build.0 = Release|Any CPU
	EndGlobalSection
	GlobalSection(SolutionProperties) = preSolution
		HideSolutionNode = FALSE
	EndGlobalSection
	GlobalSection(ExtensibilityGlobals) = postSolution
		SolutionGuid = {B9E23B39-1836-4A0C-86D7-74F7BF0CCB7B}
	EndGlobalSection
EndGlobal
